
Microsoft Visual Studio Solution File, Format Version 12.00
# Visual Studio Version 17
VisualStudioVersion = 17.10.35122.118
MinimumVisualStudioVersion = 10.0.40219.1
Project("{FAE04EC0-301F-11D3-BF4B-00C04F79EFBC}") = "ClimateCodex.Server", "ClimateCodex.Server\ClimateCodex.Server.csproj", "{A8F2DC15-6E96-4864-9459-8909591AB564}"
EndProject
Project("{54A90642-561A-4BB1-A94E-469ADEE60C69}") = "climatecodex.client", "climatecodex.client\climatecodex.client.esproj", "{6DC001FB-71FA-4047-8F55-A2206724AC1D}"
EndProject
Global
	GlobalSection(SolutionConfigurationPlatforms) = preSolution
		Debug|Any CPU = Debug|Any CPU
		Release|Any CPU = Release|Any CPU
	EndGlobalSection
	GlobalSection(ProjectConfigurationPlatforms) = postSolution
		{A8F2DC15-6E96-4864-9459-8909591AB564}.Debug|Any CPU.ActiveCfg = Debug|Any CPU
		{A8F2DC15-6E96-4864-9459-8909591AB564}.Debug|Any CPU.Build.0 = Debug|Any CPU
		{A8F2DC15-6E96-4864-9459-8909591AB564}.Release|Any CPU.ActiveCfg = Release|Any CPU
		{A8F2DC15-6E96-4864-9459-8909591AB564}.Release|Any CPU.Build.0 = Release|Any CPU
		{6DC001FB-71FA-4047-8F55-A2206724AC1D}.Debug|Any CPU.ActiveCfg = Debug|Any CPU
		{6DC001FB-71FA-4047-8F55-A2206724AC1D}.Debug|Any CPU.Build.0 = Debug|Any CPU
		{6DC001FB-71FA-4047-8F55-A2206724AC1D}.Debug|Any CPU.Deploy.0 = Debug|Any CPU
		{6DC001FB-71FA-4047-8F55-A2206724AC1D}.Release|Any CPU.ActiveCfg = Release|Any CPU
		{6DC001FB-71FA-4047-8F55-A2206724AC1D}.Release|Any CPU.Build.0 = Release|Any CPU
		{6DC001FB-71FA-4047-8F55-A2206724AC1D}.Release|Any CPU.Deploy.0 = Release|Any CPU
	EndGlobalSection
	GlobalSection(SolutionProperties) = preSolution
		HideSolutionNode = FALSE
	EndGlobalSection
	GlobalSection(ExtensibilityGlobals) = postSolution
		SolutionGuid = {9F18E3DD-3F7D-41C6-95DF-08216945A044}
	EndGlobalSection
EndGlobal
